// !$*UTF8*$!
{
	archiveVersion = 1;
	classes = {
	};
	objectVersion = 48;
	objects = {

/* Begin PBXBuildFile section */
		1B308521202AC6E10046AEC1 /* AppDelegate.swift in Sources */ = {isa = PBXBuildFile; fileRef = 1B308520202AC6E10046AEC1 /* AppDelegate.swift */; };
		1B308523202AC6E10046AEC1 /* ViewController.swift in Sources */ = {isa = PBXBuildFile; fileRef = 1B308522202AC6E10046AEC1 /* ViewController.swift */; };
		1B308526202AC6E10046AEC1 /* Main.storyboard in Resources */ = {isa = PBXBuildFile; fileRef = 1B308524202AC6E10046AEC1 /* Main.storyboard */; };
		1B308528202AC6E10046AEC1 /* Assets.xcassets in Resources */ = {isa = PBXBuildFile; fileRef = 1B308527202AC6E10046AEC1 /* Assets.xcassets */; };
		1B30852B202AC6E10046AEC1 /* LaunchScreen.storyboard in Resources */ = {isa = PBXBuildFile; fileRef = 1B308529202AC6E10046AEC1 /* LaunchScreen.storyboard */; };
		1B308536202AC6E10046AEC1 /* SignUpTests.swift in Sources */ = {isa = PBXBuildFile; fileRef = 1B308535202AC6E10046AEC1 /* SignUpTests.swift */; };
		1B308541202AC6E10046AEC1 /* SignUpUITests.swift in Sources */ = {isa = PBXBuildFile; fileRef = 1B308540202AC6E10046AEC1 /* SignUpUITests.swift */; };
/* End PBXBuildFile section */

/* Begin PBXContainerItemProxy section */
		1B308532202AC6E10046AEC1 /* PBXContainerItemProxy */ = {
			isa = PBXContainerItemProxy;
			containerPortal = 1B308515202AC6E10046AEC1 /* Project object */;
			proxyType = 1;
			remoteGlobalIDString = 1B30851C202AC6E10046AEC1;
			remoteInfo = SignUp;
		};
		1B30853D202AC6E10046AEC1 /* PBXContainerItemProxy */ = {
			isa = PBXContainerItemProxy;
			containerPortal = 1B308515202AC6E10046AEC1 /* Project object */;
			proxyType = 1;
			remoteGlobalIDString = 1B30851C202AC6E10046AEC1;
			remoteInfo = SignUp;
		};
/* End PBXContainerItemProxy section */

/* Begin PBXFileReference section */
		1B30851D202AC6E10046AEC1 /* SignUp.app */ = {isa = PBXFileReference; explicitFileType = wrapper.application; includeInIndex = 0; path = SignUp.app; sourceTree = BUILT_PRODUCTS_DIR; };
		1B308520202AC6E10046AEC1 /* AppDelegate.swift */ = {isa = PBXFileReference; lastKnownFileType = sourcecode.swift; path = AppDelegate.swift; sourceTree = "<group>"; };
		1B308522202AC6E10046AEC1 /* ViewController.swift */ = {isa = PBXFileReference; lastKnownFileType = sourcecode.swift; path = ViewController.swift; sourceTree = "<group>"; };
		1B308525202AC6E10046AEC1 /* Base */ = {isa = PBXFileReference; lastKnownFileType = file.storyboard; name = Base; path = Base.lproj/Main.storyboard; sourceTree = "<group>"; };
		1B308527202AC6E10046AEC1 /* Assets.xcassets */ = {isa = PBXFileReference; lastKnownFileType = folder.assetcatalog; path = Assets.xcassets; sourceTree = "<group>"; };
		1B30852A202AC6E10046AEC1 /* Base */ = {isa = PBXFileReference; lastKnownFileType = file.storyboard; name = Base; path = Base.lproj/LaunchScreen.storyboard; sourceTree = "<group>"; };
		1B30852C202AC6E10046AEC1 /* Info.plist */ = {isa = PBXFileReference; lastKnownFileType = text.plist.xml; path = Info.plist; sourceTree = "<group>"; };
		1B308531202AC6E10046AEC1 /* SignUpTests.xctest */ = {isa = PBXFileReference; explicitFileType = wrapper.cfbundle; includeInIndex = 0; path = SignUpTests.xctest; sourceTree = BUILT_PRODUCTS_DIR; };
		1B308535202AC6E10046AEC1 /* SignUpTests.swift */ = {isa = PBXFileReference; lastKnownFileType = sourcecode.swift; path = SignUpTests.swift; sourceTree = "<group>"; };
		1B308537202AC6E10046AEC1 /* Info.plist */ = {isa = PBXFileReference; lastKnownFileType = text.plist.xml; path = Info.plist; sourceTree = "<group>"; };
		1B30853C202AC6E10046AEC1 /* SignUpUITests.xctest */ = {isa = PBXFileReference; explicitFileType = wrapper.cfbundle; includeInIndex = 0; path = SignUpUITests.xctest; sourceTree = BUILT_PRODUCTS_DIR; };
		1B308540202AC6E10046AEC1 /* SignUpUITests.swift */ = {isa = PBXFileReference; lastKnownFileType = sourcecode.swift; path = SignUpUITests.swift; sourceTree = "<group>"; };
		1B308542202AC6E10046AEC1 /* Info.plist */ = {isa = PBXFileReference; lastKnownFileType = text.plist.xml; path = Info.plist; sourceTree = "<group>"; };
/* End PBXFileReference section */

/* Begin PBXFrameworksBuildPhase section */
		1B30851A202AC6E10046AEC1 /* Frameworks */ = {
			isa = PBXFrameworksBuildPhase;
			buildActionMask = 2147483647;
			files = (
			);
			runOnlyForDeploymentPostprocessing = 0;
		};
		1B30852E202AC6E10046AEC1 /* Frameworks */ = {
			isa = PBXFrameworksBuildPhase;
			buildActionMask = 2147483647;
			files = (
			);
			runOnlyForDeploymentPostprocessing = 0;
		};
		1B308539202AC6E10046AEC1 /* Frameworks */ = {
			isa = PBXFrameworksBuildPhase;
			buildActionMask = 2147483647;
			files = (
			);
			runOnlyForDeploymentPostprocessing = 0;
		};
/* End PBXFrameworksBuildPhase section */

/* Begin PBXGroup section */
		1B308514202AC6E10046AEC1 = {
			isa = PBXGroup;
			children = (
				1B30851F202AC6E10046AEC1 /* SignUp */,
				1B308534202AC6E10046AEC1 /* SignUpTests */,
				1B30853F202AC6E10046AEC1 /* SignUpUITests */,
				1B30851E202AC6E10046AEC1 /* Products */,
			);
			sourceTree = "<group>";
		};
		1B30851E202AC6E10046AEC1 /* Products */ = {
			isa = PBXGroup;
			children = (
				1B30851D202AC6E10046AEC1 /* SignUp.app */,
				1B308531202AC6E10046AEC1 /* SignUpTests.xctest */,
				1B30853C202AC6E10046AEC1 /* SignUpUITests.xctest */,
			);
			name = Products;
			sourceTree = "<group>";
		};
		1B30851F202AC6E10046AEC1 /* SignUp */ = {
			isa = PBXGroup;
			children = (
				1B308520202AC6E10046AEC1 /* AppDelegate.swift */,
				1B308522202AC6E10046AEC1 /* ViewController.swift */,
				1B308524202AC6E10046AEC1 /* Main.storyboard */,
				1B308527202AC6E10046AEC1 /* Assets.xcassets */,
				1B308529202AC6E10046AEC1 /* LaunchScreen.storyboard */,
				1B30852C202AC6E10046AEC1 /* Info.plist */,
			);
			path = SignUp;
			sourceTree = "<group>";
		};
		1B308534202AC6E10046AEC1 /* SignUpTests */ = {
			isa = PBXGroup;
			children = (
				1B308535202AC6E10046AEC1 /* SignUpTests.swift */,
				1B308537202AC6E10046AEC1 /* Info.plist */,
			);
			path = SignUpTests;
			sourceTree = "<group>";
		};
		1B30853F202AC6E10046AEC1 /* SignUpUITests */ = {
			isa = PBXGroup;
			children = (
				1B308540202AC6E10046AEC1 /* SignUpUITests.swift */,
				1B308542202AC6E10046AEC1 /* Info.plist */,
			);
			path = SignUpUITests;
			sourceTree = "<group>";
		};
/* End PBXGroup section */

/* Begin PBXNativeTarget section */
		1B30851C202AC6E10046AEC1 /* SignUp */ = {
			isa = PBXNativeTarget;
			buildConfigurationList = 1B308545202AC6E10046AEC1 /* Build configuration list for PBXNativeTarget "SignUp" */;
			buildPhases = (
				1B308519202AC6E10046AEC1 /* Sources */,
				1B30851A202AC6E10046AEC1 /* Frameworks */,
				1B30851B202AC6E10046AEC1 /* Resources */,
			);
			buildRules = (
			);
			dependencies = (
			);
			name = SignUp;
			productName = SignUp;
			productReference = 1B30851D202AC6E10046AEC1 /* SignUp.app */;
			productType = "com.apple.product-type.application";
		};
		1B308530202AC6E10046AEC1 /* SignUpTests */ = {
			isa = PBXNativeTarget;
			buildConfigurationList = 1B308548202AC6E10046AEC1 /* Build configuration list for PBXNativeTarget "SignUpTests" */;
			buildPhases = (
				1B30852D202AC6E10046AEC1 /* Sources */,
				1B30852E202AC6E10046AEC1 /* Frameworks */,
				1B30852F202AC6E10046AEC1 /* Resources */,
			);
			buildRules = (
			);
			dependencies = (
				1B308533202AC6E10046AEC1 /* PBXTargetDependency */,
			);
			name = SignUpTests;
			productName = SignUpTests;
			productReference = 1B308531202AC6E10046AEC1 /* SignUpTests.xctest */;
			productType = "com.apple.product-type.bundle.unit-test";
		};
		1B30853B202AC6E10046AEC1 /* SignUpUITests */ = {
			isa = PBXNativeTarget;
			buildConfigurationList = 1B30854B202AC6E10046AEC1 /* Build configuration list for PBXNativeTarget "SignUpUITests" */;
			buildPhases = (
				1B308538202AC6E10046AEC1 /* Sources */,
				1B308539202AC6E10046AEC1 /* Frameworks */,
				1B30853A202AC6E10046AEC1 /* Resources */,
			);
			buildRules = (
			);
			dependencies = (
				1B30853E202AC6E10046AEC1 /* PBXTargetDependency */,
			);
			name = SignUpUITests;
			productName = SignUpUITests;
			productReference = 1B30853C202AC6E10046AEC1 /* SignUpUITests.xctest */;
			productType = "com.apple.product-type.bundle.ui-testing";
		};
/* End PBXNativeTarget section */

/* Begin PBXProject section */
		1B308515202AC6E10046AEC1 /* Project object */ = {
			isa = PBXProject;
			attributes = {
				LastSwiftUpdateCheck = 0920;
				LastUpgradeCheck = 0920;
				ORGANIZATIONNAME = Sadyogi;
				TargetAttributes = {
					1B30851C202AC6E10046AEC1 = {
						CreatedOnToolsVersion = 9.2;
						ProvisioningStyle = Automatic;
					};
					1B308530202AC6E10046AEC1 = {
						CreatedOnToolsVersion = 9.2;
						ProvisioningStyle = Automatic;
						TestTargetID = 1B30851C202AC6E10046AEC1;
					};
					1B30853B202AC6E10046AEC1 = {
						CreatedOnToolsVersion = 9.2;
						ProvisioningStyle = Automatic;
						TestTargetID = 1B30851C202AC6E10046AEC1;
					};
				};
			};
			buildConfigurationList = 1B308518202AC6E10046AEC1 /* Build configuration list for PBXProject "SignUp" */;
			compatibilityVersion = "Xcode 8.0";
			developmentRegion = en;
			hasScannedForEncodings = 0;
			knownRegions = (
				en,
				Base,
			);
			mainGroup = 1B308514202AC6E10046AEC1;
			productRefGroup = 1B30851E202AC6E10046AEC1 /* Products */;
			projectDirPath = "";
			projectRoot = "";
			targets = (
				1B30851C202AC6E10046AEC1 /* SignUp */,
				1B308530202AC6E10046AEC1 /* SignUpTests */,
				1B30853B202AC6E10046AEC1 /* SignUpUITests */,
			);
		};
/* End PBXProject section */

/* Begin PBXResourcesBuildPhase section */
		1B30851B202AC6E10046AEC1 /* Resources */ = {
			isa = PBXResourcesBuildPhase;
			buildActionMask = 2147483647;
			files = (
				1B30852B202AC6E10046AEC1 /* LaunchScreen.storyboard in Resources */,
				1B308528202AC6E10046AEC1 /* Assets.xcassets in Resources */,
				1B308526202AC6E10046AEC1 /* Main.storyboard in Resources */,
			);
			runOnlyForDeploymentPostprocessing = 0;
		};
		1B30852F202AC6E10046AEC1 /* Resources */ = {
			isa = PBXResourcesBuildPhase;
			buildActionMask = 2147483647;
			files = (
			);
			runOnlyForDeploymentPostprocessing = 0;
		};
		1B30853A202AC6E10046AEC1 /* Resources */ = {
			isa = PBXResourcesBuildPhase;
			buildActionMask = 2147483647;
			files = (
			);
			runOnlyForDeploymentPostprocessing = 0;
		};
/* End PBXResourcesBuildPhase section */

/* Begin PBXSourcesBuildPhase section */
		1B308519202AC6E10046AEC1 /* Sources */ = {
			isa = PBXSourcesBuildPhase;
			buildActionMask = 2147483647;
			files = (
				1B308523202AC6E10046AEC1 /* ViewController.swift in Sources */,
				1B308521202AC6E10046AEC1 /* AppDelegate.swift in Sources */,
			);
			runOnlyForDeploymentPostprocessing = 0;
		};
		1B30852D202AC6E10046AEC1 /* Sources */ = {
			isa = PBXSourcesBuildPhase;
			buildActionMask = 2147483647;
			files = (
				1B308536202AC6E10046AEC1 /* SignUpTests.swift in Sources */,
			);
			runOnlyForDeploymentPostprocessing = 0;
		};
		1B308538202AC6E10046AEC1 /* Sources */ = {
			isa = PBXSourcesBuildPhase;
			buildActionMask = 2147483647;
			files = (
				1B308541202AC6E10046AEC1 /* SignUpUITests.swift in Sources */,
			);
			runOnlyForDeploymentPostprocessing = 0;
		};
/* End PBXSourcesBuildPhase section */

/* Begin PBXTargetDependency section */
		1B308533202AC6E10046AEC1 /* PBXTargetDependency */ = {
			isa = PBXTargetDependency;
			target = 1B30851C202AC6E10046AEC1 /* SignUp */;
			targetProxy = 1B308532202AC6E10046AEC1 /* PBXContainerItemProxy */;
		};
		1B30853E202AC6E10046AEC1 /* PBXTargetDependency */ = {
			isa = PBXTargetDependency;
			target = 1B30851C202AC6E10046AEC1 /* SignUp */;
			targetProxy = 1B30853D202AC6E10046AEC1 /* PBXContainerItemProxy */;
		};
/* End PBXTargetDependency section */

/* Begin PBXVariantGroup section */
		1B308524202AC6E10046AEC1 /* Main.storyboard */ = {
			isa = PBXVariantGroup;
			children = (
				1B308525202AC6E10046AEC1 /* Base */,
			);
			name = Main.storyboard;
			sourceTree = "<group>";
		};
		1B308529202AC6E10046AEC1 /* LaunchScreen.storyboard */ = {
			isa = PBXVariantGroup;
			children = (
				1B30852A202AC6E10046AEC1 /* Base */,
			);
			name = LaunchScreen.storyboard;
			sourceTree = "<group>";
		};
/* End PBXVariantGroup section */

/* Begin XCBuildConfiguration section */
		1B308543202AC6E10046AEC1 /* Debug */ = {
			isa = XCBuildConfiguration;
			buildSettings = {
				ALWAYS_SEARCH_USER_PATHS = NO;
				CLANG_ANALYZER_NONNULL = YES;
				CLANG_ANALYZER_NUMBER_OBJECT_CONVERSION = YES_AGGRESSIVE;
				CLANG_CXX_LANGUAGE_STANDARD = "gnu++14";
				CLANG_CXX_LIBRARY = "libc++";
				CLANG_ENABLE_MODULES = YES;
				CLANG_ENABLE_OBJC_ARC = YES;
				CLANG_WARN_BLOCK_CAPTURE_AUTORELEASING = YES;
				CLANG_WARN_BOOL_CONVERSION = YES;
				CLANG_WARN_COMMA = YES;
				CLANG_WARN_CONSTANT_CONVERSION = YES;
				CLANG_WARN_DIRECT_OBJC_ISA_USAGE = YES_ERROR;
				CLANG_WARN_DOCUMENTATION_COMMENTS = YES;
				CLANG_WARN_EMPTY_BODY = YES;
				CLANG_WARN_ENUM_CONVERSION = YES;
				CLANG_WARN_INFINITE_RECURSION = YES;
				CLANG_WARN_INT_CONVERSION = YES;
				CLANG_WARN_NON_LITERAL_NULL_CONVERSION = YES;
				CLANG_WARN_OBJC_LITERAL_CONVERSION = YES;
				CLANG_WARN_OBJC_ROOT_CLASS = YES_ERROR;
				CLANG_WARN_RANGE_LOOP_ANALYSIS = YES;
				CLANG_WARN_STRICT_PROTOTYPES = YES;
				CLANG_WARN_SUSPICIOUS_MOVE = YES;
				CLANG_WARN_UNGUARDED_AVAILABILITY = YES_AGGRESSIVE;
				CLANG_WARN_UNREACHABLE_CODE = YES;
				CLANG_WARN__DUPLICATE_METHOD_MATCH = YES;
				CODE_SIGN_IDENTITY = "iPhone Developer";
				COPY_PHASE_STRIP = NO;
				DEBUG_INFORMATION_FORMAT = dwarf;
				ENABLE_STRICT_OBJC_MSGSEND = YES;
				ENABLE_TESTABILITY = YES;
				GCC_C_LANGUAGE_STANDARD = gnu11;
				GCC_DYNAMIC_NO_PIC = NO;
				GCC_NO_COMMON_BLOCKS = YES;
				GCC_OPTIMIZATION_LEVEL = 0;
				GCC_PREPROCESSOR_DEFINITIONS = (
					"DEBUG=1",
					"$(inherited)",
				);
				GCC_WARN_64_TO_32_BIT_CONVERSION = YES;
				GCC_WARN_ABOUT_RETURN_TYPE = YES_ERROR;
				GCC_WARN_UNDECLARED_SELECTOR = YES;
				GCC_WARN_UNINITIALIZED_AUTOS = YES_AGGRESSIVE;
				GCC_WARN_UNUSED_FUNCTION = YES;
				GCC_WARN_UNUSED_VARIABLE = YES;
				IPHONEOS_DEPLOYMENT_TARGET = 11.2;
				MTL_ENABLE_DEBUG_INFO = YES;
				ONLY_ACTIVE_ARCH = YES;
				SDKROOT = iphoneos;
				SWIFT_ACTIVE_COMPILATION_CONDITIONS = DEBUG;
				SWIFT_OPTIMIZATION_LEVEL = "-Onone";
			};
			name = Debug;
		};
		1B308544202AC6E10046AEC1 /* Release */ = {
			isa = XCBuildConfiguration;
			buildSettings = {
				ALWAYS_SEARCH_USER_PATHS = NO;
				CLANG_ANALYZER_NONNULL = YES;
				CLANG_ANALYZER_NUMBER_OBJECT_CONVERSION = YES_AGGRESSIVE;
				CLANG_CXX_LANGUAGE_STANDARD = "gnu++14";
				CLANG_CXX_LIBRARY = "libc++";
				CLANG_ENABLE_MODULES = YES;
				CLANG_ENABLE_OBJC_ARC = YES;
				CLANG_WARN_BLOCK_CAPTURE_AUTORELEASING = YES;
				CLANG_WARN_BOOL_CONVERSION = YES;
				CLANG_WARN_COMMA = YES;
				CLANG_WARN_CONSTANT_CONVERSION = YES;
				CLANG_WARN_DIRECT_OBJC_ISA_USAGE = YES_ERROR;
				CLANG_WARN_DOCUMENTATION_COMMENTS = YES;
				CLANG_WARN_EMPTY_BODY = YES;
				CLANG_WARN_ENUM_CONVERSION = YES;
				CLANG_WARN_INFINITE_RECURSION = YES;
				CLANG_WARN_INT_CONVERSION = YES;
				CLANG_WARN_NON_LITERAL_NULL_CONVERSION = YES;
				CLANG_WARN_OBJC_LITERAL_CONVERSION = YES;
				CLANG_WARN_OBJC_ROOT_CLASS = YES_ERROR;
				CLANG_WARN_RANGE_LOOP_ANALYSIS = YES;
				CLANG_WARN_STRICT_PROTOTYPES = YES;
				CLANG_WARN_SUSPICIOUS_MOVE = YES;
				CLANG_WARN_UNGUARDED_AVAILABILITY = YES_AGGRESSIVE;
				CLANG_WARN_UNREACHABLE_CODE = YES;
				CLANG_WARN__DUPLICATE_METHOD_MATCH = YES;
				CODE_SIGN_IDENTITY = "iPhone Developer";
				COPY_PHASE_STRIP = NO;
				DEBUG_INFORMATION_FORMAT = "dwarf-with-dsym";
				ENABLE_NS_ASSERTIONS = NO;
				ENABLE_STRICT_OBJC_MSGSEND = YES;
				GCC_C_LANGUAGE_STANDARD = gnu11;
				GCC_NO_COMMON_BLOCKS = YES;
				GCC_WARN_64_TO_32_BIT_CONVERSION = YES;
				GCC_WARN_ABOUT_RETURN_TYPE = YES_ERROR;
				GCC_WARN_UNDECLARED_SELECTOR = YES;
				GCC_WARN_UNINITIALIZED_AUTOS = YES_AGGRESSIVE;
				GCC_WARN_UNUSED_FUNCTION = YES;
				GCC_WARN_UNUSED_VARIABLE = YES;
				IPHONEOS_DEPLOYMENT_TARGET = 11.2;
				MTL_ENABLE_DEBUG_INFO = NO;
				SDKROOT = iphoneos;
				SWIFT_OPTIMIZATION_LEVEL = "-Owholemodule";
				VALIDATE_PRODUCT = YES;
			};
			name = Release;
		};
		1B308546202AC6E10046AEC1 /* Debug */ = {
			isa = XCBuildConfiguration;
			buildSettings = {
				ASSETCATALOG_COMPILER_APPICON_NAME = AppIcon;
				CODE_SIGN_STYLE = Automatic;
				DEVELOPMENT_TEAM = J7MJ445WX6;
				INFOPLIST_FILE = SignUp/Info.plist;
				LD_RUNPATH_SEARCH_PATHS = "$(inherited) @executable_path/Frameworks";
				PRODUCT_BUNDLE_IDENTIFIER = com.sadyogi.SignUp;
				PRODUCT_NAME = "$(TARGET_NAME)";
				SWIFT_VERSION = 4.0;
				TARGETED_DEVICE_FAMILY = "1,2";
			};
			name = Debug;
		};
		1B308547202AC6E10046AEC1 /* Release */ = {
			isa = XCBuildConfiguration;
			buildSettings = {
				ASSETCATALOG_COMPILER_APPICON_NAME = AppIcon;
				CODE_SIGN_STYLE = Automatic;
				DEVELOPMENT_TEAM = J7MJ445WX6;
				INFOPLIST_FILE = SignUp/Info.plist;
				LD_RUNPATH_SEARCH_PATHS = "$(inherited) @executable_path/Frameworks";
				PRODUCT_BUNDLE_IDENTIFIER = com.sadyogi.SignUp;
				PRODUCT_NAME = "$(TARGET_NAME)";
				SWIFT_VERSION = 4.0;
				TARGETED_DEVICE_FAMILY = "1,2";
			};
			name = Release;
		};
		1B308549202AC6E10046AEC1 /* Debug */ = {
			isa = XCBuildConfiguration;
			buildSettings = {
				ALWAYS_EMBED_SWIFT_STANDARD_LIBRARIES = YES;
				BUNDLE_LOADER = "$(TEST_HOST)";
				CODE_SIGN_STYLE = Automatic;
				DEVELOPMENT_TEAM = J7MJ445WX6;
				INFOPLIST_FILE = SignUpTests/Info.plist;
				LD_RUNPATH_SEARCH_PATHS = "$(inherited) @executable_path/Frameworks @loader_path/Frameworks";
				PRODUCT_BUNDLE_IDENTIFIER = com.sadyogi.SignUpTests;
				PRODUCT_NAME = "$(TARGET_NAME)";
				SWIFT_VERSION = 4.0;
				TARGETED_DEVICE_FAMILY = "1,2";
				TEST_HOST = "$(BUILT_PRODUCTS_DIR)/SignUp.app/SignUp";
			};
			name = Debug;
		};
		1B30854A202AC6E10046AEC1 /* Release */ = {
			isa = XCBuildConfiguration;
			buildSettings = {
				ALWAYS_EMBED_SWIFT_STANDARD_LIBRARIES = YES;
				BUNDLE_LOADER = "$(TEST_HOST)";
				CODE_SIGN_STYLE = Automatic;
				DEVELOPMENT_TEAM = J7MJ445WX6;
				INFOPLIST_FILE = SignUpTests/Info.plist;
				LD_RUNPATH_SEARCH_PATHS = "$(inherited) @executable_path/Frameworks @loader_path/Frameworks";
				PRODUCT_BUNDLE_IDENTIFIER = com.sadyogi.SignUpTests;
				PRODUCT_NAME = "$(TARGET_NAME)";
				SWIFT_VERSION = 4.0;
				TARGETED_DEVICE_FAMILY = "1,2";
				TEST_HOST = "$(BUILT_PRODUCTS_DIR)/SignUp.app/SignUp";
			};
			name = Release;
		};
		1B30854C202AC6E10046AEC1 /* Debug */ = {
			isa = XCBuildConfiguration;
			buildSettings = {
				ALWAYS_EMBED_SWIFT_STANDARD_LIBRARIES = YES;
				CODE_SIGN_STYLE = Automatic;
				DEVELOPMENT_TEAM = J7MJ445WX6;
				INFOPLIST_FILE = SignUpUITests/Info.plist;
				LD_RUNPATH_SEARCH_PATHS = "$(inherited) @executable_path/Frameworks @loader_path/Frameworks";
				PRODUCT_BUNDLE_IDENTIFIER = com.sadyogi.SignUpUITests;
				PRODUCT_NAME = "$(TARGET_NAME)";
				SWIFT_VERSION = 4.0;
				TARGETED_DEVICE_FAMILY = "1,2";
				TEST_TARGET_NAME = SignUp;
			};
			name = Debug;
		};
		1B30854D202AC6E10046AEC1 /* Release */ = {
			isa = XCBuildConfiguration;
			buildSettings = {
				ALWAYS_EMBED_SWIFT_STANDARD_LIBRARIES = YES;
				CODE_SIGN_STYLE = Automatic;
				DEVELOPMENT_TEAM = J7MJ445WX6;
				INFOPLIST_FILE = SignUpUITests/Info.plist;
				LD_RUNPATH_SEARCH_PATHS = "$(inherited) @executable_path/Frameworks @loader_path/Frameworks";
				PRODUCT_BUNDLE_IDENTIFIER = com.sadyogi.SignUpUITests;
				PRODUCT_NAME = "$(TARGET_NAME)";
				SWIFT_VERSION = 4.0;
				TARGETED_DEVICE_FAMILY = "1,2";
				TEST_TARGET_NAME = SignUp;
			};
			name = Release;
		};
/* End XCBuildConfiguration section */

/* Begin XCConfigurationList section */
		1B308518202AC6E10046AEC1 /* Build configuration list for PBXProject "SignUp" */ = {
			isa = XCConfigurationList;
			buildConfigurations = (
				1B308543202AC6E10046AEC1 /* Debug */,
				1B308544202AC6E10046AEC1 /* Release */,
			);
			defaultConfigurationIsVisible = 0;
			defaultConfigurationName = Release;
		};
		1B308545202AC6E10046AEC1 /* Build configuration list for PBXNativeTarget "SignUp" */ = {
			isa = XCConfigurationList;
			buildConfigurations = (
				1B308546202AC6E10046AEC1 /* Debug */,
				1B308547202AC6E10046AEC1 /* Release */,
			);
			defaultConfigurationIsVisible = 0;
			defaultConfigurationName = Release;
		};
		1B308548202AC6E10046AEC1 /* Build configuration list for PBXNativeTarget "SignUpTests" */ = {
			isa = XCConfigurationList;
			buildConfigurations = (
				1B308549202AC6E10046AEC1 /* Debug */,
				1B30854A202AC6E10046AEC1 /* Release */,
			);
			defaultConfigurationIsVisible = 0;
			defaultConfigurationName = Release;
		};
		1B30854B202AC6E10046AEC1 /* Build configuration list for PBXNativeTarget "SignUpUITests" */ = {
			isa = XCConfigurationList;
			buildConfigurations = (
				1B30854C202AC6E10046AEC1 /* Debug */,
				1B30854D202AC6E10046AEC1 /* Release */,
			);
			defaultConfigurationIsVisible = 0;
			defaultConfigurationName = Release;
		};
/* End XCConfigurationList section */
	};
	rootObject = 1B308515202AC6E10046AEC1 /* Project object */;
}
